
Microsoft Visual Studio Solution File, Format Version 12.00
# Visual Studio 14
VisualStudioVersion = 14.0.25420.1
MinimumVisualStudioVersion = 10.0.40219.1
Project("{FAE04EC0-301F-11D3-BF4B-00C04F79EFBC}") = "Pratybos1", "src\Pratybos1\Pratybos1.csproj", "{415B97C3-146F-44AC-8853-4E6BAC736415}"
EndProject
Project("{FAE04EC0-301F-11D3-BF4B-00C04F79EFBC}") = "Pratybos2", "src\Pratybos2\Pratybos2.csproj", "{012BC403-A204-4E42-A8BF-84ACB9A6495A}"
EndProject
Project("{FAE04EC0-301F-11D3-BF4B-00C04F79EFBC}") = "Pratybos3", "src\Pratybos3\Pratybos3.csproj", "{F5846D0C-47A0-48E5-92D6-FCC133CF500D}"
EndProject
Project("{FAE04EC0-301F-11D3-BF4B-00C04F79EFBC}") = "Pratybos4", "src\Pratybos4\Pratybos4.csproj", "{987639BC-0B75-47D9-8C0E-0078D8A37758}"
EndProject
Project("{FAE04EC0-301F-11D3-BF4B-00C04F79EFBC}") = "Pratybos5", "src\Pratybos5\Pratybos5.csproj", "{6550B2D1-A66A-4700-B6C0-953EFE151FB3}"
EndProject
Project("{FAE04EC0-301F-11D3-BF4B-00C04F79EFBC}") = "Pratybos6", "src\Pratybos6\Pratybos6.csproj", "{24990AC9-A8B7-487C-BB77-8FB0FB96344F}"
EndProject
Global
	GlobalSection(SolutionConfigurationPlatforms) = preSolution
		Debug|Any CPU = Debug|Any CPU
		Release|Any CPU = Release|Any CPU
	EndGlobalSection
	GlobalSection(ProjectConfigurationPlatforms) = postSolution
		{415B97C3-146F-44AC-8853-4E6BAC736415}.Debug|Any CPU.ActiveCfg = Debug|Any CPU
		{415B97C3-146F-44AC-8853-4E6BAC736415}.Debug|Any CPU.Build.0 = Debug|Any CPU
		{415B97C3-146F-44AC-8853-4E6BAC736415}.Release|Any CPU.ActiveCfg = Release|Any CPU
		{415B97C3-146F-44AC-8853-4E6BAC736415}.Release|Any CPU.Build.0 = Release|Any CPU
		{012BC403-A204-4E42-A8BF-84ACB9A6495A}.Debug|Any CPU.ActiveCfg = Debug|Any CPU
		{012BC403-A204-4E42-A8BF-84ACB9A6495A}.Debug|Any CPU.Build.0 = Debug|Any CPU
		{012BC403-A204-4E42-A8BF-84ACB9A6495A}.Release|Any CPU.ActiveCfg = Release|Any CPU
		{012BC403-A204-4E42-A8BF-84ACB9A6495A}.Release|Any CPU.Build.0 = Release|Any CPU
		{F5846D0C-47A0-48E5-92D6-FCC133CF500D}.Debug|Any CPU.ActiveCfg = Debug|Any CPU
		{F5846D0C-47A0-48E5-92D6-FCC133CF500D}.Debug|Any CPU.Build.0 = Debug|Any CPU
		{F5846D0C-47A0-48E5-92D6-FCC133CF500D}.Release|Any CPU.ActiveCfg = Release|Any CPU
		{F5846D0C-47A0-48E5-92D6-FCC133CF500D}.Release|Any CPU.Build.0 = Release|Any CPU
		{987639BC-0B75-47D9-8C0E-0078D8A37758}.Debug|Any CPU.ActiveCfg = Debug|Any CPU
		{987639BC-0B75-47D9-8C0E-0078D8A37758}.Debug|Any CPU.Build.0 = Debug|Any CPU
		{987639BC-0B75-47D9-8C0E-0078D8A37758}.Release|Any CPU.ActiveCfg = Release|Any CPU
		{987639BC-0B75-47D9-8C0E-0078D8A37758}.Release|Any CPU.Build.0 = Release|Any CPU
		{6550B2D1-A66A-4700-B6C0-953EFE151FB3}.Debug|Any CPU.ActiveCfg = Debug|Any CPU
		{6550B2D1-A66A-4700-B6C0-953EFE151FB3}.Debug|Any CPU.Build.0 = Debug|Any CPU
		{6550B2D1-A66A-4700-B6C0-953EFE151FB3}.Release|Any CPU.ActiveCfg = Release|Any CPU
		{6550B2D1-A66A-4700-B6C0-953EFE151FB3}.Release|Any CPU.Build.0 = Release|Any CPU
		{24990AC9-A8B7-487C-BB77-8FB0FB96344F}.Debug|Any CPU.ActiveCfg = Debug|Any CPU
		{24990AC9-A8B7-487C-BB77-8FB0FB96344F}.Debug|Any CPU.Build.0 = Debug|Any CPU
		{24990AC9-A8B7-487C-BB77-8FB0FB96344F}.Release|Any CPU.ActiveCfg = Release|Any CPU
		{24990AC9-A8B7-487C-BB77-8FB0FB96344F}.Release|Any CPU.Build.0 = Release|Any CPU
	EndGlobalSection
	GlobalSection(SolutionProperties) = preSolution
		HideSolutionNode = FALSE
	EndGlobalSection
EndGlobal
